
Microsoft Visual Studio Solution File, Format Version 12.00
# Visual Studio Version 16
VisualStudioVersion = 16.0.30517.126
MinimumVisualStudioVersion = 10.0.40219.1
Project("{FAE04EC0-301F-11D3-BF4B-00C04F79EFBC}") = "appInventario.UWP", "appInventario\appInventario.UWP\appInventario.UWP.csproj", "{C5A6A1AB-CFF3-4C7F-B69A-CC5AD526BFD8}"
EndProject
Project("{FAE04EC0-301F-11D3-BF4B-00C04F79EFBC}") = "appInventario.Android", "appInventario\appInventario.Android\appInventario.Android.csproj", "{C248BBF0-5CC4-4258-BA31-CB8256146B68}"
EndProject
Project("{FAE04EC0-301F-11D3-BF4B-00C04F79EFBC}") = "appInventario.iOS", "appInventario\appInventario.iOS\appInventario.iOS.csproj", "{38B38DE5-635A-40E2-98F4-44E8F4E74183}"
EndProject
Project("{FAE04EC0-301F-11D3-BF4B-00C04F79EFBC}") = "appInventario", "appInventario\appInventario\appInventario.csproj", "{092C50A5-22A0-4B5F-9D84-E8C2142DE4C8}"
EndProject
Global
	GlobalSection(SolutionConfigurationPlatforms) = preSolution
		Debug|Any CPU = Debug|Any CPU
		Debug|ARM = Debug|ARM
		Debug|iPhone = Debug|iPhone
		Debug|iPhoneSimulator = Debug|iPhoneSimulator
		Debug|x64 = Debug|x64
		Debug|x86 = Debug|x86
		Release|Any CPU = Release|Any CPU
		Release|ARM = Release|ARM
		Release|iPhone = Release|iPhone
		Release|iPhoneSimulator = Release|iPhoneSimulator
		Release|x64 = Release|x64
		Release|x86 = Release|x86
	EndGlobalSection
	GlobalSection(ProjectConfigurationPlatforms) = postSolution
		{C5A6A1AB-CFF3-4C7F-B69A-CC5AD526BFD8}.Debug|Any CPU.ActiveCfg = Debug|x86
		{C5A6A1AB-CFF3-4C7F-B69A-CC5AD526BFD8}.Debug|Any CPU.Build.0 = Debug|x86
		{C5A6A1AB-CFF3-4C7F-B69A-CC5AD526BFD8}.Debug|Any CPU.Deploy.0 = Debug|x86
		{C5A6A1AB-CFF3-4C7F-B69A-CC5AD526BFD8}.Debug|ARM.ActiveCfg = Debug|ARM
		{C5A6A1AB-CFF3-4C7F-B69A-CC5AD526BFD8}.Debug|ARM.Build.0 = Debug|ARM
		{C5A6A1AB-CFF3-4C7F-B69A-CC5AD526BFD8}.Debug|ARM.Deploy.0 = Debug|ARM
		{C5A6A1AB-CFF3-4C7F-B69A-CC5AD526BFD8}.Debug|iPhone.ActiveCfg = Debug|x86
		{C5A6A1AB-CFF3-4C7F-B69A-CC5AD526BFD8}.Debug|iPhone.Build.0 = Debug|x86
		{C5A6A1AB-CFF3-4C7F-B69A-CC5AD526BFD8}.Debug|iPhone.Deploy.0 = Debug|x86
		{C5A6A1AB-CFF3-4C7F-B69A-CC5AD526BFD8}.Debug|iPhoneSimulator.ActiveCfg = Debug|x86
		{C5A6A1AB-CFF3-4C7F-B69A-CC5AD526BFD8}.Debug|iPhoneSimulator.Build.0 = Debug|x86
		{C5A6A1AB-CFF3-4C7F-B69A-CC5AD526BFD8}.Debug|iPhoneSimulator.Deploy.0 = Debug|x86
		{C5A6A1AB-CFF3-4C7F-B69A-CC5AD526BFD8}.Debug|x64.ActiveCfg = Debug|x64
		{C5A6A1AB-CFF3-4C7F-B69A-CC5AD526BFD8}.Debug|x64.Build.0 = Debug|x64
		{C5A6A1AB-CFF3-4C7F-B69A-CC5AD526BFD8}.Debug|x64.Deploy.0 = Debug|x64
		{C5A6A1AB-CFF3-4C7F-B69A-CC5AD526BFD8}.Debug|x86.ActiveCfg = Debug|x86
		{C5A6A1AB-CFF3-4C7F-B69A-CC5AD526BFD8}.Debug|x86.Build.0 = Debug|x86
		{C5A6A1AB-CFF3-4C7F-B69A-CC5AD526BFD8}.Debug|x86.Deploy.0 = Debug|x86
		{C5A6A1AB-CFF3-4C7F-B69A-CC5AD526BFD8}.Release|Any CPU.ActiveCfg = Release|x86
		{C5A6A1AB-CFF3-4C7F-B69A-CC5AD526BFD8}.Release|Any CPU.Build.0 = Release|x86
		{C5A6A1AB-CFF3-4C7F-B69A-CC5AD526BFD8}.Release|Any CPU.Deploy.0 = Release|x86
		{C5A6A1AB-CFF3-4C7F-B69A-CC5AD526BFD8}.Release|ARM.ActiveCfg = Release|ARM
		{C5A6A1AB-CFF3-4C7F-B69A-CC5AD526BFD8}.Release|ARM.Build.0 = Release|ARM
		{C5A6A1AB-CFF3-4C7F-B69A-CC5AD526BFD8}.Release|ARM.Deploy.0 = Release|ARM
		{C5A6A1AB-CFF3-4C7F-B69A-CC5AD526BFD8}.Release|iPhone.ActiveCfg = Release|x86
		{C5A6A1AB-CFF3-4C7F-B69A-CC5AD526BFD8}.Release|iPhone.Build.0 = Release|x86
		{C5A6A1AB-CFF3-4C7F-B69A-CC5AD526BFD8}.Release|iPhone.Deploy.0 = Release|x86
		{C5A6A1AB-CFF3-4C7F-B69A-CC5AD526BFD8}.Release|iPhoneSimulator.ActiveCfg = Release|x86
		{C5A6A1AB-CFF3-4C7F-B69A-CC5AD526BFD8}.Release|iPhoneSimulator.Build.0 = Release|x86
		{C5A6A1AB-CFF3-4C7F-B69A-CC5AD526BFD8}.Release|iPhoneSimulator.Deploy.0 = Release|x86
		{C5A6A1AB-CFF3-4C7F-B69A-CC5AD526BFD8}.Release|x64.ActiveCfg = Release|x64
		{C5A6A1AB-CFF3-4C7F-B69A-CC5AD526BFD8}.Release|x64.Build.0 = Release|x64
		{C5A6A1AB-CFF3-4C7F-B69A-CC5AD526BFD8}.Release|x64.Deploy.0 = Release|x64
		{C5A6A1AB-CFF3-4C7F-B69A-CC5AD526BFD8}.Release|x86.ActiveCfg = Release|x86
		{C5A6A1AB-CFF3-4C7F-B69A-CC5AD526BFD8}.Release|x86.Build.0 = Release|x86
		{C5A6A1AB-CFF3-4C7F-B69A-CC5AD526BFD8}.Release|x86.Deploy.0 = Release|x86
		{C248BBF0-5CC4-4258-BA31-CB8256146B68}.Debug|Any CPU.ActiveCfg = Debug|Any CPU
		{C248BBF0-5CC4-4258-BA31-CB8256146B68}.Debug|Any CPU.Build.0 = Debug|Any CPU
		{C248BBF0-5CC4-4258-BA31-CB8256146B68}.Debug|Any CPU.Deploy.0 = Debug|Any CPU
		{C248BBF0-5CC4-4258-BA31-CB8256146B68}.Debug|ARM.ActiveCfg = Debug|Any CPU
		{C248BBF0-5CC4-4258-BA31-CB8256146B68}.Debug|ARM.Build.0 = Debug|Any CPU
		{C248BBF0-5CC4-4258-BA31-CB8256146B68}.Debug|ARM.Deploy.0 = Debug|Any CPU
		{C248BBF0-5CC4-4258-BA31-CB8256146B68}.Debug|iPhone.ActiveCfg = Debug|Any CPU
		{C248BBF0-5CC4-4258-BA31-CB8256146B68}.Debug|iPhone.Build.0 = Debug|Any CPU
		{C248BBF0-5CC4-4258-BA31-CB8256146B68}.Debug|iPhone.Deploy.0 = Debug|Any CPU
		{C248BBF0-5CC4-4258-BA31-CB8256146B68}.Debug|iPhoneSimulator.ActiveCfg = Debug|Any CPU
		{C248BBF0-5CC4-4258-BA31-CB8256146B68}.Debug|iPhoneSimulator.Build.0 = Debug|Any CPU
		{C248BBF0-5CC4-4258-BA31-CB8256146B68}.Debug|iPhoneSimulator.Deploy.0 = Debug|Any CPU
		{C248BBF0-5CC4-4258-BA31-CB8256146B68}.Debug|x64.ActiveCfg = Debug|Any CPU
		{C248BBF0-5CC4-4258-BA31-CB8256146B68}.Debug|x64.Build.0 = Debug|Any CPU
		{C248BBF0-5CC4-4258-BA31-CB8256146B68}.Debug|x64.Deploy.0 = Debug|Any CPU
		{C248BBF0-5CC4-4258-BA31-CB8256146B68}.Debug|x86.ActiveCfg = Debug|Any CPU
		{C248BBF0-5CC4-4258-BA31-CB8256146B68}.Debug|x86.Build.0 = Debug|Any CPU
		{C248BBF0-5CC4-4258-BA31-CB8256146B68}.Debug|x86.Deploy.0 = Debug|Any CPU
		{C248BBF0-5CC4-4258-BA31-CB8256146B68}.Release|Any CPU.ActiveCfg = Release|Any CPU
		{C248BBF0-5CC4-4258-BA31-CB8256146B68}.Release|Any CPU.Build.0 = Release|Any CPU
		{C248BBF0-5CC4-4258-BA31-CB8256146B68}.Release|Any CPU.Deploy.0 = Release|Any CPU
		{C248BBF0-5CC4-4258-BA31-CB8256146B68}.Release|ARM.ActiveCfg = Release|Any CPU
		{C248BBF0-5CC4-4258-BA31-CB8256146B68}.Release|ARM.Build.0 = Release|Any CPU
		{C248BBF0-5CC4-4258-BA31-CB8256146B68}.Release|ARM.Deploy.0 = Release|Any CPU
		{C248BBF0-5CC4-4258-BA31-CB8256146B68}.Release|iPhone.ActiveCfg = Release|Any CPU
		{C248BBF0-5CC4-4258-BA31-CB8256146B68}.Release|iPhone.Build.0 = Release|Any CPU
		{C248BBF0-5CC4-4258-BA31-CB8256146B68}.Release|iPhone.Deploy.0 = Release|Any CPU
		{C248BBF0-5CC4-4258-BA31-CB8256146B68}.Release|iPhoneSimulator.ActiveCfg = Release|Any CPU
		{C248BBF0-5CC4-4258-BA31-CB8256146B68}.Release|iPhoneSimulator.Build.0 = Release|Any CPU
		{C248BBF0-5CC4-4258-BA31-CB8256146B68}.Release|iPhoneSimulator.Deploy.0 = Release|Any CPU
		{C248BBF0-5CC4-4258-BA31-CB8256146B68}.Release|x64.ActiveCfg = Release|Any CPU
		{C248BBF0-5CC4-4258-BA31-CB8256146B68}.Release|x64.Build.0 = Release|Any CPU
		{C248BBF0-5CC4-4258-BA31-CB8256146B68}.Release|x64.Deploy.0 = Release|Any CPU
		{C248BBF0-5CC4-4258-BA31-CB8256146B68}.Release|x86.ActiveCfg = Release|Any CPU
		{C248BBF0-5CC4-4258-BA31-CB8256146B68}.Release|x86.Build.0 = Release|Any CPU
		{C248BBF0-5CC4-4258-BA31-CB8256146B68}.Release|x86.Deploy.0 = Release|Any CPU
		{38B38DE5-635A-40E2-98F4-44E8F4E74183}.Debug|Any CPU.ActiveCfg = Debug|iPhoneSimulator
		{38B38DE5-635A-40E2-98F4-44E8F4E74183}.Debug|Any CPU.Build.0 = Debug|iPhoneSimulator
		{38B38DE5-635A-40E2-98F4-44E8F4E74183}.Debug|Any CPU.Deploy.0 = Debug|iPhoneSimulator
		{38B38DE5-635A-40E2-98F4-44E8F4E74183}.Debug|ARM.ActiveCfg = Debug|iPhone
		{38B38DE5-635A-40E2-98F4-44E8F4E74183}.Debug|ARM.Build.0 = Debug|iPhone
		{38B38DE5-635A-40E2-98F4-44E8F4E74183}.Debug|ARM.Deploy.0 = Debug|iPhone
		{38B38DE5-635A-40E2-98F4-44E8F4E74183}.Debug|iPhone.ActiveCfg = Debug|iPhone
		{38B38DE5-635A-40E2-98F4-44E8F4E74183}.Debug|iPhone.Build.0 = Debug|iPhone
		{38B38DE5-635A-40E2-98F4-44E8F4E74183}.Debug|iPhone.Deploy.0 = Debug|iPhone
		{38B38DE5-635A-40E2-98F4-44E8F4E74183}.Debug|iPhoneSimulator.ActiveCfg = Debug|iPhoneSimulator
		{38B38DE5-635A-40E2-98F4-44E8F4E74183}.Debug|iPhoneSimulator.Build.0 = Debug|iPhoneSimulator
		{38B38DE5-635A-40E2-98F4-44E8F4E74183}.Debug|iPhoneSimulator.Deploy.0 = Debug|iPhoneSimulator
		{38B38DE5-635A-40E2-98F4-44E8F4E74183}.Debug|x64.ActiveCfg = Debug|iPhoneSimulator
		{38B38DE5-635A-40E2-98F4-44E8F4E74183}.Debug|x64.Build.0 = Debug|iPhoneSimulator
		{38B38DE5-635A-40E2-98F4-44E8F4E74183}.Debug|x64.Deploy.0 = Debug|iPhoneSimulator
		{38B38DE5-635A-40E2-98F4-44E8F4E74183}.Debug|x86.ActiveCfg = Debug|iPhoneSimulator
		{38B38DE5-635A-40E2-98F4-44E8F4E74183}.Debug|x86.Build.0 = Debug|iPhoneSimulator
		{38B38DE5-635A-40E2-98F4-44E8F4E74183}.Debug|x86.Deploy.0 = Debug|iPhoneSimulator
		{38B38DE5-635A-40E2-98F4-44E8F4E74183}.Release|Any CPU.ActiveCfg = Release|iPhoneSimulator
		{38B38DE5-635A-40E2-98F4-44E8F4E74183}.Release|Any CPU.Build.0 = Release|iPhoneSimulator
		{38B38DE5-635A-40E2-98F4-44E8F4E74183}.Release|Any CPU.Deploy.0 = Release|iPhoneSimulator
		{38B38DE5-635A-40E2-98F4-44E8F4E74183}.Release|ARM.ActiveCfg = Release|iPhoneSimulator
		{38B38DE5-635A-40E2-98F4-44E8F4E74183}.Release|ARM.Build.0 = Release|iPhoneSimulator
		{38B38DE5-635A-40E2-98F4-44E8F4E74183}.Release|ARM.Deploy.0 = Release|iPhoneSimulator
		{38B38DE5-635A-40E2-98F4-44E8F4E74183}.Release|iPhone.ActiveCfg = Release|iPhone
		{38B38DE5-635A-40E2-98F4-44E8F4E74183}.Release|iPhone.Build.0 = Release|iPhone
		{38B38DE5-635A-40E2-98F4-44E8F4E74183}.Release|iPhone.Deploy.0 = Release|iPhone
		{38B38DE5-635A-40E2-98F4-44E8F4E74183}.Release|iPhoneSimulator.ActiveCfg = Release|iPhoneSimulator
		{38B38DE5-635A-40E2-98F4-44E8F4E74183}.Release|iPhoneSimulator.Build.0 = Release|iPhoneSimulator
		{38B38DE5-635A-40E2-98F4-44E8F4E74183}.Release|iPhoneSimulator.Deploy.0 = Release|iPhoneSimulator
		{38B38DE5-635A-40E2-98F4-44E8F4E74183}.Release|x64.ActiveCfg = Release|iPhoneSimulator
		{38B38DE5-635A-40E2-98F4-44E8F4E74183}.Release|x64.Build.0 = Release|iPhoneSimulator
		{38B38DE5-635A-40E2-98F4-44E8F4E74183}.Release|x64.Deploy.0 = Release|iPhoneSimulator
		{38B38DE5-635A-40E2-98F4-44E8F4E74183}.Release|x86.ActiveCfg = Release|iPhoneSimulator
		{38B38DE5-635A-40E2-98F4-44E8F4E74183}.Release|x86.Build.0 = Release|iPhoneSimulator
		{38B38DE5-635A-40E2-98F4-44E8F4E74183}.Release|x86.Deploy.0 = Release|iPhoneSimulator
		{092C50A5-22A0-4B5F-9D84-E8C2142DE4C8}.Debug|Any CPU.ActiveCfg = Debug|Any CPU
		{092C50A5-22A0-4B5F-9D84-E8C2142DE4C8}.Debug|Any CPU.Build.0 = Debug|Any CPU
		{092C50A5-22A0-4B5F-9D84-E8C2142DE4C8}.Debug|Any CPU.Deploy.0 = Debug|Any CPU
		{092C50A5-22A0-4B5F-9D84-E8C2142DE4C8}.Debug|ARM.ActiveCfg = Debug|Any CPU
		{092C50A5-22A0-4B5F-9D84-E8C2142DE4C8}.Debug|ARM.Build.0 = Debug|Any CPU
		{092C50A5-22A0-4B5F-9D84-E8C2142DE4C8}.Debug|ARM.Deploy.0 = Debug|Any CPU
		{092C50A5-22A0-4B5F-9D84-E8C2142DE4C8}.Debug|iPhone.ActiveCfg = Debug|Any CPU
		{092C50A5-22A0-4B5F-9D84-E8C2142DE4C8}.Debug|iPhone.Build.0 = Debug|Any CPU
		{092C50A5-22A0-4B5F-9D84-E8C2142DE4C8}.Debug|iPhone.Deploy.0 = Debug|Any CPU
		{092C50A5-22A0-4B5F-9D84-E8C2142DE4C8}.Debug|iPhoneSimulator.ActiveCfg = Debug|Any CPU
		{092C50A5-22A0-4B5F-9D84-E8C2142DE4C8}.Debug|iPhoneSimulator.Build.0 = Debug|Any CPU
		{092C50A5-22A0-4B5F-9D84-E8C2142DE4C8}.Debug|iPhoneSimulator.Deploy.0 = Debug|Any CPU
		{092C50A5-22A0-4B5F-9D84-E8C2142DE4C8}.Debug|x64.ActiveCfg = Debug|Any CPU
		{092C50A5-22A0-4B5F-9D84-E8C2142DE4C8}.Debug|x64.Build.0 = Debug|Any CPU
		{092C50A5-22A0-4B5F-9D84-E8C2142DE4C8}.Debug|x64.Deploy.0 = Debug|Any CPU
		{092C50A5-22A0-4B5F-9D84-E8C2142DE4C8}.Debug|x86.ActiveCfg = Debug|Any CPU
		{092C50A5-22A0-4B5F-9D84-E8C2142DE4C8}.Debug|x86.Build.0 = Debug|Any CPU
		{092C50A5-22A0-4B5F-9D84-E8C2142DE4C8}.Debug|x86.Deploy.0 = Debug|Any CPU
		{092C50A5-22A0-4B5F-9D84-E8C2142DE4C8}.Release|Any CPU.ActiveCfg = Release|Any CPU
		{092C50A5-22A0-4B5F-9D84-E8C2142DE4C8}.Release|Any CPU.Build.0 = Release|Any CPU
		{092C50A5-22A0-4B5F-9D84-E8C2142DE4C8}.Release|Any CPU.Deploy.0 = Release|Any CPU
		{092C50A5-22A0-4B5F-9D84-E8C2142DE4C8}.Release|ARM.ActiveCfg = Release|Any CPU
		{092C50A5-22A0-4B5F-9D84-E8C2142DE4C8}.Release|ARM.Build.0 = Release|Any CPU
		{092C50A5-22A0-4B5F-9D84-E8C2142DE4C8}.Release|ARM.Deploy.0 = Release|Any CPU
		{092C50A5-22A0-4B5F-9D84-E8C2142DE4C8}.Release|iPhone.ActiveCfg = Release|Any CPU
		{092C50A5-22A0-4B5F-9D84-E8C2142DE4C8}.Release|iPhone.Build.0 = Release|Any CPU
		{092C50A5-22A0-4B5F-9D84-E8C2142DE4C8}.Release|iPhone.Deploy.0 = Release|Any CPU
		{092C50A5-22A0-4B5F-9D84-E8C2142DE4C8}.Release|iPhoneSimulator.ActiveCfg = Release|Any CPU
		{092C50A5-22A0-4B5F-9D84-E8C2142DE4C8}.Release|iPhoneSimulator.Build.0 = Release|Any CPU
		{092C50A5-22A0-4B5F-9D84-E8C2142DE4C8}.Release|iPhoneSimulator.Deploy.0 = Release|Any CPU
		{092C50A5-22A0-4B5F-9D84-E8C2142DE4C8}.Release|x64.ActiveCfg = Release|Any CPU
		{092C50A5-22A0-4B5F-9D84-E8C2142DE4C8}.Release|x64.Build.0 = Release|Any CPU
		{092C50A5-22A0-4B5F-9D84-E8C2142DE4C8}.Release|x64.Deploy.0 = Release|Any CPU
		{092C50A5-22A0-4B5F-9D84-E8C2142DE4C8}.Release|x86.ActiveCfg = Release|Any CPU
		{092C50A5-22A0-4B5F-9D84-E8C2142DE4C8}.Release|x86.Build.0 = Release|Any CPU
		{092C50A5-22A0-4B5F-9D84-E8C2142DE4C8}.Release|x86.Deploy.0 = Release|Any CPU
	EndGlobalSection
	GlobalSection(SolutionProperties) = preSolution
		HideSolutionNode = FALSE
	EndGlobalSection
	GlobalSection(ExtensibilityGlobals) = postSolution
		SolutionGuid = {0ABF0464-3534-4C2F-8571-3940C0445813}
	EndGlobalSection
EndGlobal
